
Microsoft Visual Studio Solution File, Format Version 12.00
# Blend for Visual Studio Version 17
VisualStudioVersion = 17.1.32210.238
MinimumVisualStudioVersion = 10.0.40219.1
Project("{9A19103F-16F7-4668-BE54-9A1E7A4F7556}") = "IntroToBlend_Brushes", "IntroToBlend_Brushes\IntroToBlend_Brushes.csproj", "{BFFDEC7A-0E4E-4577-B321-68CAE9A7A458}"
EndProject
Global
	GlobalSection(SolutionConfigurationPlatforms) = preSolution
		Debug|Any CPU = Debug|Any CPU
		Release|Any CPU = Release|Any CPU
	EndGlobalSection
	GlobalSection(ProjectConfigurationPlatforms) = postSolution
		{BFFDEC7A-0E4E-4577-B321-68CAE9A7A458}.Debug|Any CPU.ActiveCfg = Debug|Any CPU
		{BFFDEC7A-0E4E-4577-B321-68CAE9A7A458}.Debug|Any CPU.Build.0 = Debug|Any CPU
		{BFFDEC7A-0E4E-4577-B321-68CAE9A7A458}.Release|Any CPU.ActiveCfg = Release|Any CPU
		{BFFDEC7A-0E4E-4577-B321-68CAE9A7A458}.Release|Any CPU.Build.0 = Release|Any CPU
	EndGlobalSection
	GlobalSection(SolutionProperties) = preSolution
		HideSolutionNode = FALSE
	EndGlobalSection
	GlobalSection(ExtensibilityGlobals) = postSolution
		SolutionGuid = {28BF8A64-189F-44D0-9E36-965723CC179B}
	EndGlobalSection
EndGlobal
