
Microsoft Visual Studio Solution File, Format Version 12.00
# Blend for Visual Studio Version 17
VisualStudioVersion = 17.1.32210.238
MinimumVisualStudioVersion = 10.0.40219.1
Project("{9A19103F-16F7-4668-BE54-9A1E7A4F7556}") = "MultipleScreenTutorial", "..\..\..\source\repos\MultipleScreenTutorial\MultipleScreenTutorial\MultipleScreenTutorial.csproj", "{8083DE1A-5659-43E9-94E0-85A99334A58D}"
EndProject
Global
	GlobalSection(SolutionConfigurationPlatforms) = preSolution
		Debug|Any CPU = Debug|Any CPU
		Release|Any CPU = Release|Any CPU
	EndGlobalSection
	GlobalSection(ProjectConfigurationPlatforms) = postSolution
		{8083DE1A-5659-43E9-94E0-85A99334A58D}.Debug|Any CPU.ActiveCfg = Debug|Any CPU
		{8083DE1A-5659-43E9-94E0-85A99334A58D}.Debug|Any CPU.Build.0 = Debug|Any CPU
		{8083DE1A-5659-43E9-94E0-85A99334A58D}.Release|Any CPU.ActiveCfg = Release|Any CPU
		{8083DE1A-5659-43E9-94E0-85A99334A58D}.Release|Any CPU.Build.0 = Release|Any CPU
	EndGlobalSection
	GlobalSection(SolutionProperties) = preSolution
		HideSolutionNode = FALSE
	EndGlobalSection
	GlobalSection(ExtensibilityGlobals) = postSolution
		SolutionGuid = {F754C4BB-0AA3-465C-BF21-D39F1BE94C21}
	EndGlobalSection
EndGlobal
